
Microsoft Visual Studio Solution File, Format Version 12.00
# Visual Studio Version 17
VisualStudioVersion = 17.2.32602.215
MinimumVisualStudioVersion = 10.0.40219.1
Project("{FAE04EC0-301F-11D3-BF4B-00C04F79EFBC}") = "StarwoodBackend", "StarwoodBackend\StarwoodBackend.csproj", "{F10B6CE1-F480-4EC1-A9FD-84E7F795A64A}"
EndProject
Global
	GlobalSection(SolutionConfigurationPlatforms) = preSolution
		Debug|Any CPU = Debug|Any CPU
		Release|Any CPU = Release|Any CPU
	EndGlobalSection
	GlobalSection(ProjectConfigurationPlatforms) = postSolution
		{F10B6CE1-F480-4EC1-A9FD-84E7F795A64A}.Debug|Any CPU.ActiveCfg = Debug|Any CPU
		{F10B6CE1-F480-4EC1-A9FD-84E7F795A64A}.Debug|Any CPU.Build.0 = Debug|Any CPU
		{F10B6CE1-F480-4EC1-A9FD-84E7F795A64A}.Release|Any CPU.ActiveCfg = Release|Any CPU
		{F10B6CE1-F480-4EC1-A9FD-84E7F795A64A}.Release|Any CPU.Build.0 = Release|Any CPU
	EndGlobalSection
	GlobalSection(SolutionProperties) = preSolution
		HideSolutionNode = FALSE
	EndGlobalSection
	GlobalSection(ExtensibilityGlobals) = postSolution
		SolutionGuid = {C8F77D32-0055-4AA3-92AD-F06AC40E9D1A}
	EndGlobalSection
EndGlobal
